
Microsoft Visual Studio Solution File, Format Version 11.00
# Visual Studio 2010
Project("{FAE04EC0-301F-11D3-BF4B-00C04F79EFBC}") = "PSPDFKit-Demo-Xamarin.iOS", "PSPDFKit-Demo-Xamarin.iOS.csproj", "{0F68187C-3412-47E3-89ED-563FF77A93BE}"
EndProject
Global
	GlobalSection(SolutionConfigurationPlatforms) = preSolution
		Debug|iPhoneSimulator = Debug|iPhoneSimulator
		Release|iPhoneSimulator = Release|iPhoneSimulator
		Debug|iPhone = Debug|iPhone
		Release|iPhone = Release|iPhone
		Ad-Hoc|iPhone = Ad-Hoc|iPhone
		AppStore|iPhone = AppStore|iPhone
	EndGlobalSection
	GlobalSection(ProjectConfigurationPlatforms) = postSolution
		{0F68187C-3412-47E3-89ED-563FF77A93BE}.Ad-Hoc|iPhone.ActiveCfg = Ad-Hoc|iPhone
		{0F68187C-3412-47E3-89ED-563FF77A93BE}.Ad-Hoc|iPhone.Build.0 = Ad-Hoc|iPhone
		{0F68187C-3412-47E3-89ED-563FF77A93BE}.AppStore|iPhone.ActiveCfg = AppStore|iPhone
		{0F68187C-3412-47E3-89ED-563FF77A93BE}.AppStore|iPhone.Build.0 = AppStore|iPhone
		{0F68187C-3412-47E3-89ED-563FF77A93BE}.Debug|iPhone.ActiveCfg = Debug|iPhone
		{0F68187C-3412-47E3-89ED-563FF77A93BE}.Debug|iPhone.Build.0 = Debug|iPhone
		{0F68187C-3412-47E3-89ED-563FF77A93BE}.Debug|iPhoneSimulator.ActiveCfg = Debug|iPhoneSimulator
		{0F68187C-3412-47E3-89ED-563FF77A93BE}.Debug|iPhoneSimulator.Build.0 = Debug|iPhoneSimulator
		{0F68187C-3412-47E3-89ED-563FF77A93BE}.Release|iPhone.ActiveCfg = Release|iPhone
		{0F68187C-3412-47E3-89ED-563FF77A93BE}.Release|iPhone.Build.0 = Release|iPhone
		{0F68187C-3412-47E3-89ED-563FF77A93BE}.Release|iPhoneSimulator.ActiveCfg = Release|iPhoneSimulator
		{0F68187C-3412-47E3-89ED-563FF77A93BE}.Release|iPhoneSimulator.Build.0 = Release|iPhoneSimulator
	EndGlobalSection
	GlobalSection(MonoDevelopProperties) = preSolution
		StartupItem = PSPDFKit-Demo-Xamarin.iOS.csproj
	EndGlobalSection
EndGlobal
